// !$*UTF8*$!
{
	archiveVersion = 1;
	classes = {
	};
	objectVersion = 52;
	objects = {

/* Begin PBXBuildFile section */
		C207366923159906002FE570 /* FeedsListFilterState.swift in Sources */ = {isa = PBXBuildFile; fileRef = C207366823159906002FE570 /* FeedsListFilterState.swift */; };
		C207368A23166BE4002FE570 /* GeneratedDetailsViewController.swift in Sources */ = {isa = PBXBuildFile; fileRef = C207368923166BE4002FE570 /* GeneratedDetailsViewController.swift */; };
		C242EA3D23152FF400E17B27 /* AppDelegate.swift in Sources */ = {isa = PBXBuildFile; fileRef = C242EA3C23152FF400E17B27 /* AppDelegate.swift */; };
		C242EA3F23152FF400E17B27 /* SceneDelegate.swift in Sources */ = {isa = PBXBuildFile; fileRef = C242EA3E23152FF400E17B27 /* SceneDelegate.swift */; };
		C242EA4623152FF600E17B27 /* Assets.xcassets in Resources */ = {isa = PBXBuildFile; fileRef = C242EA4523152FF600E17B27 /* Assets.xcassets */; };
		C242EA4923152FF600E17B27 /* LaunchScreen.storyboard in Resources */ = {isa = PBXBuildFile; fileRef = C242EA4723152FF600E17B27 /* LaunchScreen.storyboard */; };
		C242EA5423152FF600E17B27 /* GitHubActivityFeedTests.swift in Sources */ = {isa = PBXBuildFile; fileRef = C242EA5323152FF600E17B27 /* GitHubActivityFeedTests.swift */; };
		C242EA5F23152FF600E17B27 /* GitHubActivityFeedUITests.swift in Sources */ = {isa = PBXBuildFile; fileRef = C242EA5E23152FF600E17B27 /* GitHubActivityFeedUITests.swift */; };
		C242EA702315314600E17B27 /* Architecture in Frameworks */ = {isa = PBXBuildFile; productRef = C242EA6F2315314600E17B27 /* Architecture */; };
		C242EA722315314900E17B27 /* Routable in Frameworks */ = {isa = PBXBuildFile; productRef = C242EA712315314900E17B27 /* Routable */; };
		C242EA75231531C600E17B27 /* Application.swift in Sources */ = {isa = PBXBuildFile; fileRef = C242EA74231531C600E17B27 /* Application.swift */; };
		C242EA77231531D100E17B27 /* DependencyContainer.swift in Sources */ = {isa = PBXBuildFile; fileRef = C242EA76231531D100E17B27 /* DependencyContainer.swift */; };
		C242EA892315341E00E17B27 /* FeedsListViewController.swift in Sources */ = {isa = PBXBuildFile; fileRef = C242EA812315341E00E17B27 /* FeedsListViewController.swift */; };
		C242EA8A2315341E00E17B27 /* FeedsListStateMachine.swift in Sources */ = {isa = PBXBuildFile; fileRef = C242EA832315341E00E17B27 /* FeedsListStateMachine.swift */; };
		C242EA8B2315341E00E17B27 /* FeedsListStylizer.swift in Sources */ = {isa = PBXBuildFile; fileRef = C242EA852315341E00E17B27 /* FeedsListStylizer.swift */; };
		C242EA8C2315341E00E17B27 /* FeedsListPositioner.swift in Sources */ = {isa = PBXBuildFile; fileRef = C242EA862315341E00E17B27 /* FeedsListPositioner.swift */; };
		C242EA8D2315341E00E17B27 /* FeedsListMainView.swift in Sources */ = {isa = PBXBuildFile; fileRef = C242EA872315341E00E17B27 /* FeedsListMainView.swift */; };
		C242EA8E2315341E00E17B27 /* FeedsListScreenBuilder.swift in Sources */ = {isa = PBXBuildFile; fileRef = C242EA882315341E00E17B27 /* FeedsListScreenBuilder.swift */; };
		C242EA912315346300E17B27 /* SnapKit in Frameworks */ = {isa = PBXBuildFile; productRef = C242EA902315346300E17B27 /* SnapKit */; };
		C242EA98231535B900E17B27 /* FeedsRouter.swift in Sources */ = {isa = PBXBuildFile; fileRef = C242EA97231535B900E17B27 /* FeedsRouter.swift */; };
		C242EAA223153B6600E17B27 /* FeedCell.swift in Sources */ = {isa = PBXBuildFile; fileRef = C242EAA123153B6600E17B27 /* FeedCell.swift */; };
		C242EAA423153CB800E17B27 /* FeedsListInitialState.swift in Sources */ = {isa = PBXBuildFile; fileRef = C242EAA323153CB800E17B27 /* FeedsListInitialState.swift */; };
		C242EAA623153DAA00E17B27 /* Feed.swift in Sources */ = {isa = PBXBuildFile; fileRef = C242EAA523153DAA00E17B27 /* Feed.swift */; };
		C242EAA92315427100E17B27 /* MockedFeedsProvider.swift in Sources */ = {isa = PBXBuildFile; fileRef = C242EAA82315427100E17B27 /* MockedFeedsProvider.swift */; };
		C242EAAB2315427F00E17B27 /* FeedsProvider.swift in Sources */ = {isa = PBXBuildFile; fileRef = C242EAAA2315427F00E17B27 /* FeedsProvider.swift */; };
		C242EAAD2315492C00E17B27 /* FeedsListLoadingState.swift in Sources */ = {isa = PBXBuildFile; fileRef = C242EAAC2315492C00E17B27 /* FeedsListLoadingState.swift */; };
		C242EAB023155BCB00E17B27 /* Publishers+Extensions.swift in Sources */ = {isa = PBXBuildFile; fileRef = C242EAAF23155BCB00E17B27 /* Publishers+Extensions.swift */; };
		C242EAB223155E5800E17B27 /* FeedsListLoadedState.swift in Sources */ = {isa = PBXBuildFile; fileRef = C242EAB123155E5800E17B27 /* FeedsListLoadedState.swift */; };
		C242EAB423155EC100E17B27 /* FeedsListFailedToLoadState.swift in Sources */ = {isa = PBXBuildFile; fileRef = C242EAB323155EC100E17B27 /* FeedsListFailedToLoadState.swift */; };
		C242EAB62315671100E17B27 /* GithubFeedsProvider.swift in Sources */ = {isa = PBXBuildFile; fileRef = C242EAB52315671100E17B27 /* GithubFeedsProvider.swift */; };
		C242EAB82315678E00E17B27 /* Identifier.swift in Sources */ = {isa = PBXBuildFile; fileRef = C242EAB72315678E00E17B27 /* Identifier.swift */; };
		C242EABB23156B0500E17B27 /* Codextended in Frameworks */ = {isa = PBXBuildFile; productRef = C242EABA23156B0500E17B27 /* Codextended */; };
		C242EABE2315701E00E17B27 /* MockedEvents.json in Resources */ = {isa = PBXBuildFile; fileRef = C242EABD2315701E00E17B27 /* MockedEvents.json */; };
/* End PBXBuildFile section */

/* Begin PBXContainerItemProxy section */
		C242EA5023152FF600E17B27 /* PBXContainerItemProxy */ = {
			isa = PBXContainerItemProxy;
			containerPortal = C242EA3123152FF300E17B27 /* Project object */;
			proxyType = 1;
			remoteGlobalIDString = C242EA3823152FF400E17B27;
			remoteInfo = GitHubActivityFeed;
		};
		C242EA5B23152FF600E17B27 /* PBXContainerItemProxy */ = {
			isa = PBXContainerItemProxy;
			containerPortal = C242EA3123152FF300E17B27 /* Project object */;
			proxyType = 1;
			remoteGlobalIDString = C242EA3823152FF400E17B27;
			remoteInfo = GitHubActivityFeed;
		};
/* End PBXContainerItemProxy section */

/* Begin PBXFileReference section */
		C207366823159906002FE570 /* FeedsListFilterState.swift */ = {isa = PBXFileReference; lastKnownFileType = sourcecode.swift; path = FeedsListFilterState.swift; sourceTree = "<group>"; };
		C2073685231668DD002FE570 /* Routable */ = {isa = PBXFileReference; lastKnownFileType = folder; path = Routable; sourceTree = "<group>"; };
		C2073686231668DD002FE570 /* Architecture */ = {isa = PBXFileReference; lastKnownFileType = folder; path = Architecture; sourceTree = "<group>"; };
		C207368923166BE4002FE570 /* GeneratedDetailsViewController.swift */ = {isa = PBXFileReference; lastKnownFileType = sourcecode.swift; path = GeneratedDetailsViewController.swift; sourceTree = "<group>"; };
		C242EA3923152FF400E17B27 /* GitHubActivityFeed.app */ = {isa = PBXFileReference; explicitFileType = wrapper.application; includeInIndex = 0; path = GitHubActivityFeed.app; sourceTree = BUILT_PRODUCTS_DIR; };
		C242EA3C23152FF400E17B27 /* AppDelegate.swift */ = {isa = PBXFileReference; lastKnownFileType = sourcecode.swift; path = AppDelegate.swift; sourceTree = "<group>"; };
		C242EA3E23152FF400E17B27 /* SceneDelegate.swift */ = {isa = PBXFileReference; lastKnownFileType = sourcecode.swift; path = SceneDelegate.swift; sourceTree = "<group>"; };
		C242EA4523152FF600E17B27 /* Assets.xcassets */ = {isa = PBXFileReference; lastKnownFileType = folder.assetcatalog; path = Assets.xcassets; sourceTree = "<group>"; };
		C242EA4823152FF600E17B27 /* Base */ = {isa = PBXFileReference; lastKnownFileType = file.storyboard; name = Base; path = Base.lproj/LaunchScreen.storyboard; sourceTree = "<group>"; };
		C242EA4A23152FF600E17B27 /* Info.plist */ = {isa = PBXFileReference; lastKnownFileType = text.plist.xml; path = Info.plist; sourceTree = "<group>"; };
		C242EA4F23152FF600E17B27 /* GitHubActivityFeedTests.xctest */ = {isa = PBXFileReference; explicitFileType = wrapper.cfbundle; includeInIndex = 0; path = GitHubActivityFeedTests.xctest; sourceTree = BUILT_PRODUCTS_DIR; };
		C242EA5323152FF600E17B27 /* GitHubActivityFeedTests.swift */ = {isa = PBXFileReference; lastKnownFileType = sourcecode.swift; path = GitHubActivityFeedTests.swift; sourceTree = "<group>"; };
		C242EA5523152FF600E17B27 /* Info.plist */ = {isa = PBXFileReference; lastKnownFileType = text.plist.xml; path = Info.plist; sourceTree = "<group>"; };
		C242EA5A23152FF600E17B27 /* GitHubActivityFeedUITests.xctest */ = {isa = PBXFileReference; explicitFileType = wrapper.cfbundle; includeInIndex = 0; path = GitHubActivityFeedUITests.xctest; sourceTree = BUILT_PRODUCTS_DIR; };
		C242EA5E23152FF600E17B27 /* GitHubActivityFeedUITests.swift */ = {isa = PBXFileReference; lastKnownFileType = sourcecode.swift; path = GitHubActivityFeedUITests.swift; sourceTree = "<group>"; };
		C242EA6023152FF600E17B27 /* Info.plist */ = {isa = PBXFileReference; lastKnownFileType = text.plist.xml; path = Info.plist; sourceTree = "<group>"; };
		C242EA74231531C600E17B27 /* Application.swift */ = {isa = PBXFileReference; lastKnownFileType = sourcecode.swift; path = Application.swift; sourceTree = "<group>"; };
		C242EA76231531D100E17B27 /* DependencyContainer.swift */ = {isa = PBXFileReference; lastKnownFileType = sourcecode.swift; path = DependencyContainer.swift; sourceTree = "<group>"; };
		C242EA812315341E00E17B27 /* FeedsListViewController.swift */ = {isa = PBXFileReference; fileEncoding = 4; lastKnownFileType = sourcecode.swift; path = FeedsListViewController.swift; sourceTree = "<group>"; };
		C242EA832315341E00E17B27 /* FeedsListStateMachine.swift */ = {isa = PBXFileReference; fileEncoding = 4; lastKnownFileType = sourcecode.swift; path = FeedsListStateMachine.swift; sourceTree = "<group>"; };
		C242EA852315341E00E17B27 /* FeedsListStylizer.swift */ = {isa = PBXFileReference; fileEncoding = 4; lastKnownFileType = sourcecode.swift; path = FeedsListStylizer.swift; sourceTree = "<group>"; };
		C242EA862315341E00E17B27 /* FeedsListPositioner.swift */ = {isa = PBXFileReference; fileEncoding = 4; lastKnownFileType = sourcecode.swift; path = FeedsListPositioner.swift; sourceTree = "<group>"; };
		C242EA872315341E00E17B27 /* FeedsListMainView.swift */ = {isa = PBXFileReference; fileEncoding = 4; lastKnownFileType = sourcecode.swift; path = FeedsListMainView.swift; sourceTree = "<group>"; };
		C242EA882315341E00E17B27 /* FeedsListScreenBuilder.swift */ = {isa = PBXFileReference; fileEncoding = 4; lastKnownFileType = sourcecode.swift; path = FeedsListScreenBuilder.swift; sourceTree = "<group>"; };
		C242EA97231535B900E17B27 /* FeedsRouter.swift */ = {isa = PBXFileReference; lastKnownFileType = sourcecode.swift; path = FeedsRouter.swift; sourceTree = "<group>"; };
		C242EAA123153B6600E17B27 /* FeedCell.swift */ = {isa = PBXFileReference; lastKnownFileType = sourcecode.swift; path = FeedCell.swift; sourceTree = "<group>"; };
		C242EAA323153CB800E17B27 /* FeedsListInitialState.swift */ = {isa = PBXFileReference; lastKnownFileType = sourcecode.swift; path = FeedsListInitialState.swift; sourceTree = "<group>"; };
		C242EAA523153DAA00E17B27 /* Feed.swift */ = {isa = PBXFileReference; lastKnownFileType = sourcecode.swift; path = Feed.swift; sourceTree = "<group>"; };
		C242EAA82315427100E17B27 /* MockedFeedsProvider.swift */ = {isa = PBXFileReference; lastKnownFileType = sourcecode.swift; path = MockedFeedsProvider.swift; sourceTree = "<group>"; };
		C242EAAA2315427F00E17B27 /* FeedsProvider.swift */ = {isa = PBXFileReference; lastKnownFileType = sourcecode.swift; path = FeedsProvider.swift; sourceTree = "<group>"; };
		C242EAAC2315492C00E17B27 /* FeedsListLoadingState.swift */ = {isa = PBXFileReference; lastKnownFileType = sourcecode.swift; path = FeedsListLoadingState.swift; sourceTree = "<group>"; };
		C242EAAF23155BCB00E17B27 /* Publishers+Extensions.swift */ = {isa = PBXFileReference; lastKnownFileType = sourcecode.swift; path = "Publishers+Extensions.swift"; sourceTree = "<group>"; };
		C242EAB123155E5800E17B27 /* FeedsListLoadedState.swift */ = {isa = PBXFileReference; lastKnownFileType = sourcecode.swift; path = FeedsListLoadedState.swift; sourceTree = "<group>"; };
		C242EAB323155EC100E17B27 /* FeedsListFailedToLoadState.swift */ = {isa = PBXFileReference; lastKnownFileType = sourcecode.swift; path = FeedsListFailedToLoadState.swift; sourceTree = "<group>"; };
		C242EAB52315671100E17B27 /* GithubFeedsProvider.swift */ = {isa = PBXFileReference; lastKnownFileType = sourcecode.swift; path = GithubFeedsProvider.swift; sourceTree = "<group>"; };
		C242EAB72315678E00E17B27 /* Identifier.swift */ = {isa = PBXFileReference; lastKnownFileType = sourcecode.swift; path = Identifier.swift; sourceTree = "<group>"; };
		C242EABD2315701E00E17B27 /* MockedEvents.json */ = {isa = PBXFileReference; lastKnownFileType = text.json; path = MockedEvents.json; sourceTree = "<group>"; };
/* End PBXFileReference section */

/* Begin PBXFrameworksBuildPhase section */
		C242EA3623152FF400E17B27 /* Frameworks */ = {
			isa = PBXFrameworksBuildPhase;
			buildActionMask = 2147483647;
			files = (
				C242EA912315346300E17B27 /* SnapKit in Frameworks */,
				C242EA722315314900E17B27 /* Routable in Frameworks */,
				C242EABB23156B0500E17B27 /* Codextended in Frameworks */,
				C242EA702315314600E17B27 /* Architecture in Frameworks */,
			);
			runOnlyForDeploymentPostprocessing = 0;
		};
		C242EA4C23152FF600E17B27 /* Frameworks */ = {
			isa = PBXFrameworksBuildPhase;
			buildActionMask = 2147483647;
			files = (
			);
			runOnlyForDeploymentPostprocessing = 0;
		};
		C242EA5723152FF600E17B27 /* Frameworks */ = {
			isa = PBXFrameworksBuildPhase;
			buildActionMask = 2147483647;
			files = (
			);
			runOnlyForDeploymentPostprocessing = 0;
		};
/* End PBXFrameworksBuildPhase section */

/* Begin PBXGroup section */
		C2073687231669F9002FE570 /* DataProviders */ = {
			isa = PBXGroup;
			children = (
				C242EAA72315426200E17B27 /* FeedsProvider */,
			);
			path = DataProviders;
			sourceTree = "<group>";
		};
		C207368823166A53002FE570 /* FeedsListViewController */ = {
			isa = PBXGroup;
			children = (
				C242EA822315341E00E17B27 /* StateMachine */,
				C242EA842315341E00E17B27 /* View */,
				C242EA812315341E00E17B27 /* FeedsListViewController.swift */,
			);
			path = FeedsListViewController;
			sourceTree = "<group>";
		};
		C242EA3023152FF300E17B27 = {
			isa = PBXGroup;
			children = (
				C2073686231668DD002FE570 /* Architecture */,
				C2073685231668DD002FE570 /* Routable */,
				C242EABC23156FF000E17B27 /* Resources */,
				C242EA3B23152FF400E17B27 /* GitHubActivityFeed */,
				C242EA5223152FF600E17B27 /* GitHubActivityFeedTests */,
				C242EA5D23152FF600E17B27 /* GitHubActivityFeedUITests */,
				C242EA3A23152FF400E17B27 /* Products */,
				C242EA6E2315314600E17B27 /* Frameworks */,
			);
			sourceTree = "<group>";
		};
		C242EA3A23152FF400E17B27 /* Products */ = {
			isa = PBXGroup;
			children = (
				C242EA3923152FF400E17B27 /* GitHubActivityFeed.app */,
				C242EA4F23152FF600E17B27 /* GitHubActivityFeedTests.xctest */,
				C242EA5A23152FF600E17B27 /* GitHubActivityFeedUITests.xctest */,
			);
			name = Products;
			sourceTree = "<group>";
		};
		C242EA3B23152FF400E17B27 /* GitHubActivityFeed */ = {
			isa = PBXGroup;
			children = (
				C2073687231669F9002FE570 /* DataProviders */,
				C242EA9A2315393400E17B27 /* Models */,
				C242EAAE23155BAC00E17B27 /* Utils */,
				C242EA7D231533FF00E17B27 /* Modules */,
				C242EA73231531B300E17B27 /* Application */,
				C242EA3C23152FF400E17B27 /* AppDelegate.swift */,
				C242EA3E23152FF400E17B27 /* SceneDelegate.swift */,
				C242EA4523152FF600E17B27 /* Assets.xcassets */,
				C242EA4723152FF600E17B27 /* LaunchScreen.storyboard */,
				C242EA4A23152FF600E17B27 /* Info.plist */,
			);
			path = GitHubActivityFeed;
			sourceTree = "<group>";
		};
		C242EA5223152FF600E17B27 /* GitHubActivityFeedTests */ = {
			isa = PBXGroup;
			children = (
				C242EA5323152FF600E17B27 /* GitHubActivityFeedTests.swift */,
				C242EA5523152FF600E17B27 /* Info.plist */,
			);
			path = GitHubActivityFeedTests;
			sourceTree = "<group>";
		};
		C242EA5D23152FF600E17B27 /* GitHubActivityFeedUITests */ = {
			isa = PBXGroup;
			children = (
				C242EA5E23152FF600E17B27 /* GitHubActivityFeedUITests.swift */,
				C242EA6023152FF600E17B27 /* Info.plist */,
			);
			path = GitHubActivityFeedUITests;
			sourceTree = "<group>";
		};
		C242EA6E2315314600E17B27 /* Frameworks */ = {
			isa = PBXGroup;
			children = (
			);
			name = Frameworks;
			sourceTree = "<group>";
		};
		C242EA73231531B300E17B27 /* Application */ = {
			isa = PBXGroup;
			children = (
				C242EA74231531C600E17B27 /* Application.swift */,
				C242EA76231531D100E17B27 /* DependencyContainer.swift */,
			);
			path = Application;
			sourceTree = "<group>";
		};
		C242EA7D231533FF00E17B27 /* Modules */ = {
			isa = PBXGroup;
			children = (
				C242EA802315341E00E17B27 /* FeedsList */,
				C242EA97231535B900E17B27 /* FeedsRouter.swift */,
			);
			path = Modules;
			sourceTree = "<group>";
		};
		C242EA802315341E00E17B27 /* FeedsList */ = {
			isa = PBXGroup;
			children = (
				C207368823166A53002FE570 /* FeedsListViewController */,
			);
			path = FeedsList;
			sourceTree = "<group>";
		};
		C242EA822315341E00E17B27 /* StateMachine */ = {
			isa = PBXGroup;
			children = (
				C242EA832315341E00E17B27 /* FeedsListStateMachine.swift */,
				C242EAA323153CB800E17B27 /* FeedsListInitialState.swift */,
				C242EAAC2315492C00E17B27 /* FeedsListLoadingState.swift */,
				C242EAB123155E5800E17B27 /* FeedsListLoadedState.swift */,
				C242EAB323155EC100E17B27 /* FeedsListFailedToLoadState.swift */,
				C207366823159906002FE570 /* FeedsListFilterState.swift */,
			);
			path = StateMachine;
			sourceTree = "<group>";
		};
		C242EA842315341E00E17B27 /* View */ = {
			isa = PBXGroup;
			children = (
				C242EA852315341E00E17B27 /* FeedsListStylizer.swift */,
				C242EA862315341E00E17B27 /* FeedsListPositioner.swift */,
				C242EA872315341E00E17B27 /* FeedsListMainView.swift */,
				C242EA882315341E00E17B27 /* FeedsListScreenBuilder.swift */,
				C242EAA123153B6600E17B27 /* FeedCell.swift */,
			);
			path = View;
			sourceTree = "<group>";
		};
		C242EA9A2315393400E17B27 /* Models */ = {
			isa = PBXGroup;
			children = (
				C242EAA523153DAA00E17B27 /* Feed.swift */,
			);
			path = Models;
			sourceTree = "<group>";
		};
		C242EAA72315426200E17B27 /* FeedsProvider */ = {
			isa = PBXGroup;
			children = (
				C242EAA82315427100E17B27 /* MockedFeedsProvider.swift */,
				C242EAAA2315427F00E17B27 /* FeedsProvider.swift */,
				C242EAB52315671100E17B27 /* GithubFeedsProvider.swift */,
			);
			path = FeedsProvider;
			sourceTree = "<group>";
		};
		C242EAAE23155BAC00E17B27 /* Utils */ = {
			isa = PBXGroup;
			children = (
				C242EAAF23155BCB00E17B27 /* Publishers+Extensions.swift */,
				C242EAB72315678E00E17B27 /* Identifier.swift */,
				C207368923166BE4002FE570 /* GeneratedDetailsViewController.swift */,
			);
			path = Utils;
			sourceTree = "<group>";
		};
		C242EABC23156FF000E17B27 /* Resources */ = {
			isa = PBXGroup;
			children = (
				C242EABD2315701E00E17B27 /* MockedEvents.json */,
			);
			path = Resources;
			sourceTree = "<group>";
		};
/* End PBXGroup section */

/* Begin PBXNativeTarget section */
		C242EA3823152FF400E17B27 /* GitHubActivityFeed */ = {
			isa = PBXNativeTarget;
			buildConfigurationList = C242EA6323152FF600E17B27 /* Build configuration list for PBXNativeTarget "GitHubActivityFeed" */;
			buildPhases = (
				C242EA3523152FF400E17B27 /* Sources */,
				C242EA3623152FF400E17B27 /* Frameworks */,
				C242EA3723152FF400E17B27 /* Resources */,
				C242EA9E23153A9100E17B27 /* SwiftLint */,
				C242EA9F23153A9400E17B27 /* SwiftFormat */,
			);
			buildRules = (
			);
			dependencies = (
			);
			name = GitHubActivityFeed;
			packageProductDependencies = (
				C242EA6F2315314600E17B27 /* Architecture */,
				C242EA712315314900E17B27 /* Routable */,
				C242EA902315346300E17B27 /* SnapKit */,
				C242EABA23156B0500E17B27 /* Codextended */,
			);
			productName = GitHubActivityFeed;
			productReference = C242EA3923152FF400E17B27 /* GitHubActivityFeed.app */;
			productType = "com.apple.product-type.application";
		};
		C242EA4E23152FF600E17B27 /* GitHubActivityFeedTests */ = {
			isa = PBXNativeTarget;
			buildConfigurationList = C242EA6623152FF600E17B27 /* Build configuration list for PBXNativeTarget "GitHubActivityFeedTests" */;
			buildPhases = (
				C242EA4B23152FF600E17B27 /* Sources */,
				C242EA4C23152FF600E17B27 /* Frameworks */,
				C242EA4D23152FF600E17B27 /* Resources */,
			);
			buildRules = (
			);
			dependencies = (
				C242EA5123152FF600E17B27 /* PBXTargetDependency */,
			);
			name = GitHubActivityFeedTests;
			productName = GitHubActivityFeedTests;
			productReference = C242EA4F23152FF600E17B27 /* GitHubActivityFeedTests.xctest */;
			productType = "com.apple.product-type.bundle.unit-test";
		};
		C242EA5923152FF600E17B27 /* GitHubActivityFeedUITests */ = {
			isa = PBXNativeTarget;
			buildConfigurationList = C242EA6923152FF600E17B27 /* Build configuration list for PBXNativeTarget "GitHubActivityFeedUITests" */;
			buildPhases = (
				C242EA5623152FF600E17B27 /* Sources */,
				C242EA5723152FF600E17B27 /* Frameworks */,
				C242EA5823152FF600E17B27 /* Resources */,
			);
			buildRules = (
			);
			dependencies = (
				C242EA5C23152FF600E17B27 /* PBXTargetDependency */,
			);
			name = GitHubActivityFeedUITests;
			productName = GitHubActivityFeedUITests;
			productReference = C242EA5A23152FF600E17B27 /* GitHubActivityFeedUITests.xctest */;
			productType = "com.apple.product-type.bundle.ui-testing";
		};
/* End PBXNativeTarget section */

/* Begin PBXProject section */
		C242EA3123152FF300E17B27 /* Project object */ = {
			isa = PBXProject;
			attributes = {
				LastSwiftUpdateCheck = 1100;
				LastUpgradeCheck = 1100;
				ORGANIZATIONNAME = "Mateusz Małek";
				TargetAttributes = {
					C242EA3823152FF400E17B27 = {
						CreatedOnToolsVersion = 11.0;
					};
					C242EA4E23152FF600E17B27 = {
						CreatedOnToolsVersion = 11.0;
						TestTargetID = C242EA3823152FF400E17B27;
					};
					C242EA5923152FF600E17B27 = {
						CreatedOnToolsVersion = 11.0;
						TestTargetID = C242EA3823152FF400E17B27;
					};
				};
			};
			buildConfigurationList = C242EA3423152FF300E17B27 /* Build configuration list for PBXProject "GitHubActivityFeed" */;
			compatibilityVersion = "Xcode 9.3";
			developmentRegion = en;
			hasScannedForEncodings = 0;
			knownRegions = (
				en,
				Base,
			);
			mainGroup = C242EA3023152FF300E17B27;
			packageReferences = (
				C242EA8F2315346300E17B27 /* XCRemoteSwiftPackageReference "SnapKit" */,
				C242EAB923156B0500E17B27 /* XCRemoteSwiftPackageReference "Codextended" */,
			);
			productRefGroup = C242EA3A23152FF400E17B27 /* Products */;
			projectDirPath = "";
			projectRoot = "";
			targets = (
				C242EA3823152FF400E17B27 /* GitHubActivityFeed */,
				C242EA4E23152FF600E17B27 /* GitHubActivityFeedTests */,
				C242EA5923152FF600E17B27 /* GitHubActivityFeedUITests */,
			);
		};
/* End PBXProject section */

/* Begin PBXResourcesBuildPhase section */
		C242EA3723152FF400E17B27 /* Resources */ = {
			isa = PBXResourcesBuildPhase;
			buildActionMask = 2147483647;
			files = (
				C242EABE2315701E00E17B27 /* MockedEvents.json in Resources */,
				C242EA4923152FF600E17B27 /* LaunchScreen.storyboard in Resources */,
				C242EA4623152FF600E17B27 /* Assets.xcassets in Resources */,
			);
			runOnlyForDeploymentPostprocessing = 0;
		};
		C242EA4D23152FF600E17B27 /* Resources */ = {
			isa = PBXResourcesBuildPhase;
			buildActionMask = 2147483647;
			files = (
			);
			runOnlyForDeploymentPostprocessing = 0;
		};
		C242EA5823152FF600E17B27 /* Resources */ = {
			isa = PBXResourcesBuildPhase;
			buildActionMask = 2147483647;
			files = (
			);
			runOnlyForDeploymentPostprocessing = 0;
		};
/* End PBXResourcesBuildPhase section */

/* Begin PBXShellScriptBuildPhase section */
		C242EA9E23153A9100E17B27 /* SwiftLint */ = {
			isa = PBXShellScriptBuildPhase;
			buildActionMask = 2147483647;
			files = (
			);
			inputFileListPaths = (
			);
			inputPaths = (
			);
			name = SwiftLint;
			outputFileListPaths = (
			);
			outputPaths = (
			);
			runOnlyForDeploymentPostprocessing = 0;
			shellPath = /bin/sh;
			shellScript = "if which swiftlint >/dev/null; then\n swiftlint\nelse\n  echo \"warning: SwiftLint not installed - run 'brew install swiftlint'\"\nfi\n";
		};
		C242EA9F23153A9400E17B27 /* SwiftFormat */ = {
			isa = PBXShellScriptBuildPhase;
			buildActionMask = 2147483647;
			files = (
			);
			inputFileListPaths = (
			);
			inputPaths = (
			);
			name = SwiftFormat;
			outputFileListPaths = (
			);
			outputPaths = (
			);
			runOnlyForDeploymentPostprocessing = 0;
			shellPath = /bin/sh;
			shellScript = "if which swiftformat >/dev/null; then\nswiftformat .\nelse\necho \"warning: SwiftFormat not installed - run 'brew install swiftformat'\"\nfi\n";
		};
/* End PBXShellScriptBuildPhase section */

/* Begin PBXSourcesBuildPhase section */
		C242EA3523152FF400E17B27 /* Sources */ = {
			isa = PBXSourcesBuildPhase;
			buildActionMask = 2147483647;
			files = (
				C242EA75231531C600E17B27 /* Application.swift in Sources */,
				C242EAA623153DAA00E17B27 /* Feed.swift in Sources */,
				C242EAAD2315492C00E17B27 /* FeedsListLoadingState.swift in Sources */,
				C242EAA223153B6600E17B27 /* FeedCell.swift in Sources */,
				C207366923159906002FE570 /* FeedsListFilterState.swift in Sources */,
				C242EAB82315678E00E17B27 /* Identifier.swift in Sources */,
				C242EAA423153CB800E17B27 /* FeedsListInitialState.swift in Sources */,
				C242EA98231535B900E17B27 /* FeedsRouter.swift in Sources */,
				C242EAAB2315427F00E17B27 /* FeedsProvider.swift in Sources */,
				C242EAB223155E5800E17B27 /* FeedsListLoadedState.swift in Sources */,
				C242EA77231531D100E17B27 /* DependencyContainer.swift in Sources */,
				C242EAB023155BCB00E17B27 /* Publishers+Extensions.swift in Sources */,
				C242EA8B2315341E00E17B27 /* FeedsListStylizer.swift in Sources */,
				C242EA8C2315341E00E17B27 /* FeedsListPositioner.swift in Sources */,
				C242EAB62315671100E17B27 /* GithubFeedsProvider.swift in Sources */,
				C242EAB423155EC100E17B27 /* FeedsListFailedToLoadState.swift in Sources */,
				C242EA3D23152FF400E17B27 /* AppDelegate.swift in Sources */,
				C242EAA92315427100E17B27 /* MockedFeedsProvider.swift in Sources */,
				C242EA8E2315341E00E17B27 /* FeedsListScreenBuilder.swift in Sources */,
				C242EA8A2315341E00E17B27 /* FeedsListStateMachine.swift in Sources */,
				C242EA3F23152FF400E17B27 /* SceneDelegate.swift in Sources */,
				C242EA892315341E00E17B27 /* FeedsListViewController.swift in Sources */,
				C207368A23166BE4002FE570 /* GeneratedDetailsViewController.swift in Sources */,
				C242EA8D2315341E00E17B27 /* FeedsListMainView.swift in Sources */,
			);
			runOnlyForDeploymentPostprocessing = 0;
		};
		C242EA4B23152FF600E17B27 /* Sources */ = {
			isa = PBXSourcesBuildPhase;
			buildActionMask = 2147483647;
			files = (
				C242EA5423152FF600E17B27 /* GitHubActivityFeedTests.swift in Sources */,
			);
			runOnlyForDeploymentPostprocessing = 0;
		};
		C242EA5623152FF600E17B27 /* Sources */ = {
			isa = PBXSourcesBuildPhase;
			buildActionMask = 2147483647;
			files = (
				C242EA5F23152FF600E17B27 /* GitHubActivityFeedUITests.swift in Sources */,
			);
			runOnlyForDeploymentPostprocessing = 0;
		};
/* End PBXSourcesBuildPhase section */

/* Begin PBXTargetDependency section */
		C242EA5123152FF600E17B27 /* PBXTargetDependency */ = {
			isa = PBXTargetDependency;
			target = C242EA3823152FF400E17B27 /* GitHubActivityFeed */;
			targetProxy = C242EA5023152FF600E17B27 /* PBXContainerItemProxy */;
		};
		C242EA5C23152FF600E17B27 /* PBXTargetDependency */ = {
			isa = PBXTargetDependency;
			target = C242EA3823152FF400E17B27 /* GitHubActivityFeed */;
			targetProxy = C242EA5B23152FF600E17B27 /* PBXContainerItemProxy */;
		};
/* End PBXTargetDependency section */

/* Begin PBXVariantGroup section */
		C242EA4723152FF600E17B27 /* LaunchScreen.storyboard */ = {
			isa = PBXVariantGroup;
			children = (
				C242EA4823152FF600E17B27 /* Base */,
			);
			name = LaunchScreen.storyboard;
			sourceTree = "<group>";
		};
/* End PBXVariantGroup section */

/* Begin XCBuildConfiguration section */
		C242EA6123152FF600E17B27 /* Debug */ = {
			isa = XCBuildConfiguration;
			buildSettings = {
				ALWAYS_SEARCH_USER_PATHS = NO;
				CLANG_ANALYZER_NONNULL = YES;
				CLANG_ANALYZER_NUMBER_OBJECT_CONVERSION = YES_AGGRESSIVE;
				CLANG_CXX_LANGUAGE_STANDARD = "gnu++14";
				CLANG_CXX_LIBRARY = "libc++";
				CLANG_ENABLE_MODULES = YES;
				CLANG_ENABLE_OBJC_ARC = YES;
				CLANG_ENABLE_OBJC_WEAK = YES;
				CLANG_WARN_BLOCK_CAPTURE_AUTORELEASING = YES;
				CLANG_WARN_BOOL_CONVERSION = YES;
				CLANG_WARN_COMMA = YES;
				CLANG_WARN_CONSTANT_CONVERSION = YES;
				CLANG_WARN_DEPRECATED_OBJC_IMPLEMENTATIONS = YES;
				CLANG_WARN_DIRECT_OBJC_ISA_USAGE = YES_ERROR;
				CLANG_WARN_DOCUMENTATION_COMMENTS = YES;
				CLANG_WARN_EMPTY_BODY = YES;
				CLANG_WARN_ENUM_CONVERSION = YES;
				CLANG_WARN_INFINITE_RECURSION = YES;
				CLANG_WARN_INT_CONVERSION = YES;
				CLANG_WARN_NON_LITERAL_NULL_CONVERSION = YES;
				CLANG_WARN_OBJC_IMPLICIT_RETAIN_SELF = YES;
				CLANG_WARN_OBJC_LITERAL_CONVERSION = YES;
				CLANG_WARN_OBJC_ROOT_CLASS = YES_ERROR;
				CLANG_WARN_RANGE_LOOP_ANALYSIS = YES;
				CLANG_WARN_STRICT_PROTOTYPES = YES;
				CLANG_WARN_SUSPICIOUS_MOVE = YES;
				CLANG_WARN_UNGUARDED_AVAILABILITY = YES_AGGRESSIVE;
				CLANG_WARN_UNREACHABLE_CODE = YES;
				CLANG_WARN__DUPLICATE_METHOD_MATCH = YES;
				COPY_PHASE_STRIP = NO;
				DEBUG_INFORMATION_FORMAT = dwarf;
				ENABLE_STRICT_OBJC_MSGSEND = YES;
				ENABLE_TESTABILITY = YES;
				GCC_C_LANGUAGE_STANDARD = gnu11;
				GCC_DYNAMIC_NO_PIC = NO;
				GCC_NO_COMMON_BLOCKS = YES;
				GCC_OPTIMIZATION_LEVEL = 0;
				GCC_PREPROCESSOR_DEFINITIONS = (
					"DEBUG=1",
					"$(inherited)",
				);
				GCC_WARN_64_TO_32_BIT_CONVERSION = YES;
				GCC_WARN_ABOUT_RETURN_TYPE = YES_ERROR;
				GCC_WARN_UNDECLARED_SELECTOR = YES;
				GCC_WARN_UNINITIALIZED_AUTOS = YES_AGGRESSIVE;
				GCC_WARN_UNUSED_FUNCTION = YES;
				GCC_WARN_UNUSED_VARIABLE = YES;
				IPHONEOS_DEPLOYMENT_TARGET = 13.0;
				MTL_ENABLE_DEBUG_INFO = INCLUDE_SOURCE;
				MTL_FAST_MATH = YES;
				ONLY_ACTIVE_ARCH = YES;
				SDKROOT = iphoneos;
				SWIFT_ACTIVE_COMPILATION_CONDITIONS = DEBUG;
				SWIFT_OPTIMIZATION_LEVEL = "-Onone";
			};
			name = Debug;
		};
		C242EA6223152FF600E17B27 /* Release */ = {
			isa = XCBuildConfiguration;
			buildSettings = {
				ALWAYS_SEARCH_USER_PATHS = NO;
				CLANG_ANALYZER_NONNULL = YES;
				CLANG_ANALYZER_NUMBER_OBJECT_CONVERSION = YES_AGGRESSIVE;
				CLANG_CXX_LANGUAGE_STANDARD = "gnu++14";
				CLANG_CXX_LIBRARY = "libc++";
				CLANG_ENABLE_MODULES = YES;
				CLANG_ENABLE_OBJC_ARC = YES;
				CLANG_ENABLE_OBJC_WEAK = YES;
				CLANG_WARN_BLOCK_CAPTURE_AUTORELEASING = YES;
				CLANG_WARN_BOOL_CONVERSION = YES;
				CLANG_WARN_COMMA = YES;
				CLANG_WARN_CONSTANT_CONVERSION = YES;
				CLANG_WARN_DEPRECATED_OBJC_IMPLEMENTATIONS = YES;
				CLANG_WARN_DIRECT_OBJC_ISA_USAGE = YES_ERROR;
				CLANG_WARN_DOCUMENTATION_COMMENTS = YES;
				CLANG_WARN_EMPTY_BODY = YES;
				CLANG_WARN_ENUM_CONVERSION = YES;
				CLANG_WARN_INFINITE_RECURSION = YES;
				CLANG_WARN_INT_CONVERSION = YES;
				CLANG_WARN_NON_LITERAL_NULL_CONVERSION = YES;
				CLANG_WARN_OBJC_IMPLICIT_RETAIN_SELF = YES;
				CLANG_WARN_OBJC_LITERAL_CONVERSION = YES;
				CLANG_WARN_OBJC_ROOT_CLASS = YES_ERROR;
				CLANG_WARN_RANGE_LOOP_ANALYSIS = YES;
				CLANG_WARN_STRICT_PROTOTYPES = YES;
				CLANG_WARN_SUSPICIOUS_MOVE = YES;
				CLANG_WARN_UNGUARDED_AVAILABILITY = YES_AGGRESSIVE;
				CLANG_WARN_UNREACHABLE_CODE = YES;
				CLANG_WARN__DUPLICATE_METHOD_MATCH = YES;
				COPY_PHASE_STRIP = NO;
				DEBUG_INFORMATION_FORMAT = "dwarf-with-dsym";
				ENABLE_NS_ASSERTIONS = NO;
				ENABLE_STRICT_OBJC_MSGSEND = YES;
				GCC_C_LANGUAGE_STANDARD = gnu11;
				GCC_NO_COMMON_BLOCKS = YES;
				GCC_WARN_64_TO_32_BIT_CONVERSION = YES;
				GCC_WARN_ABOUT_RETURN_TYPE = YES_ERROR;
				GCC_WARN_UNDECLARED_SELECTOR = YES;
				GCC_WARN_UNINITIALIZED_AUTOS = YES_AGGRESSIVE;
				GCC_WARN_UNUSED_FUNCTION = YES;
				GCC_WARN_UNUSED_VARIABLE = YES;
				IPHONEOS_DEPLOYMENT_TARGET = 13.0;
				MTL_ENABLE_DEBUG_INFO = NO;
				MTL_FAST_MATH = YES;
				SDKROOT = iphoneos;
				SWIFT_COMPILATION_MODE = wholemodule;
				SWIFT_OPTIMIZATION_LEVEL = "-O";
				VALIDATE_PRODUCT = YES;
			};
			name = Release;
		};
		C242EA6423152FF600E17B27 /* Debug */ = {
			isa = XCBuildConfiguration;
			buildSettings = {
				ASSETCATALOG_COMPILER_APPICON_NAME = AppIcon;
				CODE_SIGN_STYLE = Automatic;
				DEVELOPMENT_TEAM = B7YMYXCSWP;
				INFOPLIST_FILE = GitHubActivityFeed/Info.plist;
				LD_RUNPATH_SEARCH_PATHS = (
					"$(inherited)",
					"@executable_path/Frameworks",
				);
				PRODUCT_BUNDLE_IDENTIFIER = com.vindur..GitHubActivityFeed;
				PRODUCT_NAME = "$(TARGET_NAME)";
				SWIFT_VERSION = 5.0;
				TARGETED_DEVICE_FAMILY = "1,2";
			};
			name = Debug;
		};
		C242EA6523152FF600E17B27 /* Release */ = {
			isa = XCBuildConfiguration;
			buildSettings = {
				ASSETCATALOG_COMPILER_APPICON_NAME = AppIcon;
				CODE_SIGN_STYLE = Automatic;
				DEVELOPMENT_TEAM = B7YMYXCSWP;
				INFOPLIST_FILE = GitHubActivityFeed/Info.plist;
				LD_RUNPATH_SEARCH_PATHS = (
					"$(inherited)",
					"@executable_path/Frameworks",
				);
				PRODUCT_BUNDLE_IDENTIFIER = com.vindur..GitHubActivityFeed;
				PRODUCT_NAME = "$(TARGET_NAME)";
				SWIFT_VERSION = 5.0;
				TARGETED_DEVICE_FAMILY = "1,2";
			};
			name = Release;
		};
		C242EA6723152FF600E17B27 /* Debug */ = {
			isa = XCBuildConfiguration;
			buildSettings = {
				ALWAYS_EMBED_SWIFT_STANDARD_LIBRARIES = YES;
				BUNDLE_LOADER = "$(TEST_HOST)";
				CODE_SIGN_STYLE = Automatic;
				DEVELOPMENT_TEAM = B7YMYXCSWP;
				INFOPLIST_FILE = GitHubActivityFeedTests/Info.plist;
				LD_RUNPATH_SEARCH_PATHS = (
					"$(inherited)",
					"@executable_path/Frameworks",
					"@loader_path/Frameworks",
				);
				PRODUCT_BUNDLE_IDENTIFIER = com.vindur..GitHubActivityFeedTests;
				PRODUCT_NAME = "$(TARGET_NAME)";
				SWIFT_VERSION = 5.0;
				TARGETED_DEVICE_FAMILY = "1,2";
				TEST_HOST = "$(BUILT_PRODUCTS_DIR)/GitHubActivityFeed.app/GitHubActivityFeed";
			};
			name = Debug;
		};
		C242EA6823152FF600E17B27 /* Release */ = {
			isa = XCBuildConfiguration;
			buildSettings = {
				ALWAYS_EMBED_SWIFT_STANDARD_LIBRARIES = YES;
				BUNDLE_LOADER = "$(TEST_HOST)";
				CODE_SIGN_STYLE = Automatic;
				DEVELOPMENT_TEAM = B7YMYXCSWP;
				INFOPLIST_FILE = GitHubActivityFeedTests/Info.plist;
				LD_RUNPATH_SEARCH_PATHS = (
					"$(inherited)",
					"@executable_path/Frameworks",
					"@loader_path/Frameworks",
				);
				PRODUCT_BUNDLE_IDENTIFIER = com.vindur..GitHubActivityFeedTests;
				PRODUCT_NAME = "$(TARGET_NAME)";
				SWIFT_VERSION = 5.0;
				TARGETED_DEVICE_FAMILY = "1,2";
				TEST_HOST = "$(BUILT_PRODUCTS_DIR)/GitHubActivityFeed.app/GitHubActivityFeed";
			};
			name = Release;
		};
		C242EA6A23152FF600E17B27 /* Debug */ = {
			isa = XCBuildConfiguration;
			buildSettings = {
				ALWAYS_EMBED_SWIFT_STANDARD_LIBRARIES = YES;
				CODE_SIGN_STYLE = Automatic;
				DEVELOPMENT_TEAM = B7YMYXCSWP;
				INFOPLIST_FILE = GitHubActivityFeedUITests/Info.plist;
				LD_RUNPATH_SEARCH_PATHS = (
					"$(inherited)",
					"@executable_path/Frameworks",
					"@loader_path/Frameworks",
				);
				PRODUCT_BUNDLE_IDENTIFIER = com.vindur..GitHubActivityFeedUITests;
				PRODUCT_NAME = "$(TARGET_NAME)";
				SWIFT_VERSION = 5.0;
				TARGETED_DEVICE_FAMILY = "1,2";
				TEST_TARGET_NAME = GitHubActivityFeed;
			};
			name = Debug;
		};
		C242EA6B23152FF600E17B27 /* Release */ = {
			isa = XCBuildConfiguration;
			buildSettings = {
				ALWAYS_EMBED_SWIFT_STANDARD_LIBRARIES = YES;
				CODE_SIGN_STYLE = Automatic;
				DEVELOPMENT_TEAM = B7YMYXCSWP;
				INFOPLIST_FILE = GitHubActivityFeedUITests/Info.plist;
				LD_RUNPATH_SEARCH_PATHS = (
					"$(inherited)",
					"@executable_path/Frameworks",
					"@loader_path/Frameworks",
				);
				PRODUCT_BUNDLE_IDENTIFIER = com.vindur..GitHubActivityFeedUITests;
				PRODUCT_NAME = "$(TARGET_NAME)";
				SWIFT_VERSION = 5.0;
				TARGETED_DEVICE_FAMILY = "1,2";
				TEST_TARGET_NAME = GitHubActivityFeed;
			};
			name = Release;
		};
/* End XCBuildConfiguration section */

/* Begin XCConfigurationList section */
		C242EA3423152FF300E17B27 /* Build configuration list for PBXProject "GitHubActivityFeed" */ = {
			isa = XCConfigurationList;
			buildConfigurations = (
				C242EA6123152FF600E17B27 /* Debug */,
				C242EA6223152FF600E17B27 /* Release */,
			);
			defaultConfigurationIsVisible = 0;
			defaultConfigurationName = Release;
		};
		C242EA6323152FF600E17B27 /* Build configuration list for PBXNativeTarget "GitHubActivityFeed" */ = {
			isa = XCConfigurationList;
			buildConfigurations = (
				C242EA6423152FF600E17B27 /* Debug */,
				C242EA6523152FF600E17B27 /* Release */,
			);
			defaultConfigurationIsVisible = 0;
			defaultConfigurationName = Release;
		};
		C242EA6623152FF600E17B27 /* Build configuration list for PBXNativeTarget "GitHubActivityFeedTests" */ = {
			isa = XCConfigurationList;
			buildConfigurations = (
				C242EA6723152FF600E17B27 /* Debug */,
				C242EA6823152FF600E17B27 /* Release */,
			);
			defaultConfigurationIsVisible = 0;
			defaultConfigurationName = Release;
		};
		C242EA6923152FF600E17B27 /* Build configuration list for PBXNativeTarget "GitHubActivityFeedUITests" */ = {
			isa = XCConfigurationList;
			buildConfigurations = (
				C242EA6A23152FF600E17B27 /* Debug */,
				C242EA6B23152FF600E17B27 /* Release */,
			);
			defaultConfigurationIsVisible = 0;
			defaultConfigurationName = Release;
		};
/* End XCConfigurationList section */

/* Begin XCRemoteSwiftPackageReference section */
		C242EA8F2315346300E17B27 /* XCRemoteSwiftPackageReference "SnapKit" */ = {
			isa = XCRemoteSwiftPackageReference;
			repositoryURL = "https://github.com/SnapKit/SnapKit";
			requirement = {
				kind = upToNextMajorVersion;
				minimumVersion = 5.0.1;
			};
		};
		C242EAB923156B0500E17B27 /* XCRemoteSwiftPackageReference "Codextended" */ = {
			isa = XCRemoteSwiftPackageReference;
			repositoryURL = "https://github.com/JohnSundell/Codextended";
			requirement = {
				kind = upToNextMajorVersion;
				minimumVersion = 0.3.0;
			};
		};
/* End XCRemoteSwiftPackageReference section */

/* Begin XCSwiftPackageProductDependency section */
		C242EA6F2315314600E17B27 /* Architecture */ = {
			isa = XCSwiftPackageProductDependency;
			productName = Architecture;
		};
		C242EA712315314900E17B27 /* Routable */ = {
			isa = XCSwiftPackageProductDependency;
			productName = Routable;
		};
		C242EA902315346300E17B27 /* SnapKit */ = {
			isa = XCSwiftPackageProductDependency;
			package = C242EA8F2315346300E17B27 /* XCRemoteSwiftPackageReference "SnapKit" */;
			productName = SnapKit;
		};
		C242EABA23156B0500E17B27 /* Codextended */ = {
			isa = XCSwiftPackageProductDependency;
			package = C242EAB923156B0500E17B27 /* XCRemoteSwiftPackageReference "Codextended" */;
			productName = Codextended;
		};
/* End XCSwiftPackageProductDependency section */
	};
	rootObject = C242EA3123152FF300E17B27 /* Project object */;
}
